
Microsoft Visual Studio Solution File, Format Version 12.00
# Visual Studio Version 17
VisualStudioVersion = 17.2.32616.157
MinimumVisualStudioVersion = 10.0.40219.1
Project("{FAE04EC0-301F-11D3-BF4B-00C04F79EFBC}") = "SelectionStatementsExercise2", "SelectionStatementsExercise2\SelectionStatementsExercise2.csproj", "{D23B5324-ED58-47CC-8027-7CFC7A11697C}"
EndProject
Global
	GlobalSection(SolutionConfigurationPlatforms) = preSolution
		Debug|Any CPU = Debug|Any CPU
		Release|Any CPU = Release|Any CPU
	EndGlobalSection
	GlobalSection(ProjectConfigurationPlatforms) = postSolution
		{D23B5324-ED58-47CC-8027-7CFC7A11697C}.Debug|Any CPU.ActiveCfg = Debug|Any CPU
		{D23B5324-ED58-47CC-8027-7CFC7A11697C}.Debug|Any CPU.Build.0 = Debug|Any CPU
		{D23B5324-ED58-47CC-8027-7CFC7A11697C}.Release|Any CPU.ActiveCfg = Release|Any CPU
		{D23B5324-ED58-47CC-8027-7CFC7A11697C}.Release|Any CPU.Build.0 = Release|Any CPU
	EndGlobalSection
	GlobalSection(SolutionProperties) = preSolution
		HideSolutionNode = FALSE
	EndGlobalSection
	GlobalSection(ExtensibilityGlobals) = postSolution
		SolutionGuid = {4F9FA316-4DAD-41B1-B745-7ADEA1DA37CA}
	EndGlobalSection
EndGlobal
